PODS:
  - Alamofire (2.0.2)
  - Nimble (2.0.0-rc.2)
  - Quick (0.6.0)
  - SwiftyJSON (2.3.0)
  - Swinject (0.2.2)

DEPENDENCIES:
  - Alamofire (~> 2.0.2)
  - Nimble (= 2.0.0-rc.2)
  - Quick (= 0.6.0)
  - SwiftyJSON (~> 2.3.0)
  - Swinject (~> 0.2.2)

SPEC CHECKSUMS:
  Alamofire: 8edbab00802a752bb5240cc2abe70e7e881488ad
  Nimble: e3cf5e73a491daf21c2bc88783dbfc55ce8b8e02
  Quick: 563686dbcf0ae0f9f7401ac9cd2d786ee1b7f3d7
  SwiftyJSON: 8d6b61a70277ef2a5d710d372e06e7e2d87fb9e4
  Swinject: 1aaa74a6cd2da0f9fc9bbf6c7a00d8bccde0079e

COCOAPODS: 0.38.2
