PODS:
  - Alamofire (3.1.2)
  - Nimble (3.0.0)
  - Quick (0.8.0)
  - SwiftyJSON (2.3.0)
  - Swinject (0.5)

DEPENDENCIES:
  - Alamofire (~> 3.1.0)
  - Nimble (= 3.0.0)
  - Quick (= 0.8.0)
  - SwiftyJSON (~> 2.3.0)
  - Swinject (= 0.5)

SPEC CHECKSUMS:
  Alamofire: 7c16ca65f3c7e681fd925fd7f2dec7747ff96855
  Nimble: 4c353d43735b38b545cbb4cb91504588eb5de926
  Quick: 563d0f6ec5f72e394645adb377708639b7dd38ab
  SwiftyJSON: 8d6b61a70277ef2a5d710d372e06e7e2d87fb9e4
  Swinject: 0bf92c3336808a69d162bcf8f338774640de518a

PODFILE CHECKSUM: 9df9ec5a8f8f2dbfc93d9bc8d6377d834fd385d8

COCOAPODS: 1.0.1
