PODS:
  - Alamofire (4.0.1)
  - Nimble (5.0.0)
  - Quick (0.10.0)
  - SwiftyJSON (3.1.1)
  - Swinject (2.0.0)
  - SwinjectStoryboard (1.0.0):
    - Swinject (= 2.0.0)

DEPENDENCIES:
  - Alamofire (~> 4.0)
  - Nimble (= 5.0)
  - Quick (= 0.10)
  - SwiftyJSON (~> 3.1)
  - Swinject (= 2.0.0)
  - SwinjectStoryboard (= 1.0.0)

SPEC CHECKSUMS:
  Alamofire: 7682d43245de14874acd142ec137b144aa1dd335
  Nimble: 56fc9f5020effa2206de22c3dd910f4fb011b92f
  Quick: 5d290df1c69d5ee2f0729956dcf0fd9a30447eaa
  SwiftyJSON: f0be2e604f83e8405a624e9f891898bf6ed4e019
  Swinject: 2e964a80d70ab09b3949c99032711f89147bfd60
  SwinjectStoryboard: 8e0d3c0202b64172bdf915d55e8dc83d9c4e7863

PODFILE CHECKSUM: bae8b5b26789120a9333dd860773a03273eb320f

COCOAPODS: 1.2.0
